
Microsoft Visual Studio Solution File, Format Version 12.00
# Visual Studio Version 16
VisualStudioVersion = 16.0.29230.47
MinimumVisualStudioVersion = 10.0.40219.1
Project("{8BC9CEB8-8B4A-11D0-8D11-00A0C91BC942}") = "MathFuncsLib", "MathFuncsLib\MathFuncsLib.vcxproj", "{71E7B8E0-2D1A-4BB6-9E1A-6ABB7BD41C61}"
EndProject
Project("{8BC9CEB8-8B4A-11D0-8D11-00A0C91BC942}") = "MyExecRefsLib", "MyExecRefsLib\MyExecRefsLib.vcxproj", "{BD1E2EBA-06B2-4741-B515-3AFACFD70A7D}"
EndProject
Global
	GlobalSection(SolutionConfigurationPlatforms) = preSolution
		Debug|x64 = Debug|x64
		Debug|x86 = Debug|x86
		Release|x64 = Release|x64
		Release|x86 = Release|x86
	EndGlobalSection
	GlobalSection(ProjectConfigurationPlatforms) = postSolution
		{71E7B8E0-2D1A-4BB6-9E1A-6ABB7BD41C61}.Debug|x64.ActiveCfg = Debug|x64
		{71E7B8E0-2D1A-4BB6-9E1A-6ABB7BD41C61}.Debug|x64.Build.0 = Debug|x64
		{71E7B8E0-2D1A-4BB6-9E1A-6ABB7BD41C61}.Debug|x86.ActiveCfg = Debug|Win32
		{71E7B8E0-2D1A-4BB6-9E1A-6ABB7BD41C61}.Debug|x86.Build.0 = Debug|Win32
		{71E7B8E0-2D1A-4BB6-9E1A-6ABB7BD41C61}.Release|x64.ActiveCfg = Release|x64
		{71E7B8E0-2D1A-4BB6-9E1A-6ABB7BD41C61}.Release|x64.Build.0 = Release|x64
		{71E7B8E0-2D1A-4BB6-9E1A-6ABB7BD41C61}.Release|x86.ActiveCfg = Release|Win32
		{71E7B8E0-2D1A-4BB6-9E1A-6ABB7BD41C61}.Release|x86.Build.0 = Release|Win32
		{BD1E2EBA-06B2-4741-B515-3AFACFD70A7D}.Debug|x64.ActiveCfg = Debug|x64
		{BD1E2EBA-06B2-4741-B515-3AFACFD70A7D}.Debug|x64.Build.0 = Debug|x64
		{BD1E2EBA-06B2-4741-B515-3AFACFD70A7D}.Debug|x86.ActiveCfg = Debug|Win32
		{BD1E2EBA-06B2-4741-B515-3AFACFD70A7D}.Debug|x86.Build.0 = Debug|Win32
		{BD1E2EBA-06B2-4741-B515-3AFACFD70A7D}.Release|x64.ActiveCfg = Release|x64
		{BD1E2EBA-06B2-4741-B515-3AFACFD70A7D}.Release|x64.Build.0 = Release|x64
		{BD1E2EBA-06B2-4741-B515-3AFACFD70A7D}.Release|x86.ActiveCfg = Release|Win32
		{BD1E2EBA-06B2-4741-B515-3AFACFD70A7D}.Release|x86.Build.0 = Release|Win32
	EndGlobalSection
	GlobalSection(SolutionProperties) = preSolution
		HideSolutionNode = FALSE
	EndGlobalSection
	GlobalSection(ExtensibilityGlobals) = postSolution
		SolutionGuid = {27662BD1-4429-45EA-848F-23BC6D2CE09C}
	EndGlobalSection
EndGlobal
